// !$*UTF8*$!
{
	archiveVersion = 1;
	classes = {
	};
	objectVersion = 46;
	objects = {

/* Begin PBXBuildFile section */
		35174C691F3BBD340020F56F /* ListofGroupsTableViewController.swift in Sources */ = {isa = PBXBuildFile; fileRef = 35174C681F3BBD340020F56F /* ListofGroupsTableViewController.swift */; };
		35382AF91F4686FC00BCC17A /* NewItemsViewController.swift in Sources */ = {isa = PBXBuildFile; fileRef = 35382AF81F4686FC00BCC17A /* NewItemsViewController.swift */; };
		827A721733530D155BDE28AB /* Pods_SquareSplit.framework in Frameworks */ = {isa = PBXBuildFile; fileRef = 31B22C38F30FC618E7C4AC8E /* Pods_SquareSplit.framework */; };
		8B00E0441F191EA8002DBD9D /* AppDelegate.swift in Sources */ = {isa = PBXBuildFile; fileRef = 8B00E0431F191EA8002DBD9D /* AppDelegate.swift */; };
		8B00E04B1F191EA9002DBD9D /* Assets.xcassets in Resources */ = {isa = PBXBuildFile; fileRef = 8B00E04A1F191EA9002DBD9D /* Assets.xcassets */; };
		8B00E04E1F191EA9002DBD9D /* LaunchScreen.storyboard in Resources */ = {isa = PBXBuildFile; fileRef = 8B00E04C1F191EA9002DBD9D /* LaunchScreen.storyboard */; };
		8B00E0591F191EA9002DBD9D /* SquareSplitTests.swift in Sources */ = {isa = PBXBuildFile; fileRef = 8B00E0581F191EA9002DBD9D /* SquareSplitTests.swift */; };
		8B00E0641F191EA9002DBD9D /* SquareSplitUITests.swift in Sources */ = {isa = PBXBuildFile; fileRef = 8B00E0631F191EA9002DBD9D /* SquareSplitUITests.swift */; };
		8B2985E11F2FAB0B000B2D96 /* ContainerViewController.swift in Sources */ = {isa = PBXBuildFile; fileRef = 8B2985E01F2FAB0B000B2D96 /* ContainerViewController.swift */; };
		8B2985E71F391512000B2D96 /* GoogleService-Info.plist in Resources */ = {isa = PBXBuildFile; fileRef = 8B2985E61F391512000B2D96 /* GoogleService-Info.plist */; };
		8B508FCF1F1A81E100DA3157 /* AdSupport.framework in Frameworks */ = {isa = PBXBuildFile; fileRef = 8B508FCE1F1A81E100DA3157 /* AdSupport.framework */; };
		8B508FE21F1D6D7200DA3157 /* RegistrationPageViewController.swift in Sources */ = {isa = PBXBuildFile; fileRef = 8B508FE11F1D6D7200DA3157 /* RegistrationPageViewController.swift */; };
		8B508FE41F1D6DBF00DA3157 /* PasswordResetViewController.swift in Sources */ = {isa = PBXBuildFile; fileRef = 8B508FE31F1D6DBF00DA3157 /* PasswordResetViewController.swift */; };
		8B508FEA1F1D6F9E00DA3157 /* ViewController.swift in Sources */ = {isa = PBXBuildFile; fileRef = 8B508FE91F1D6F9E00DA3157 /* ViewController.swift */; };
		8B508FEF1F1D704D00DA3157 /* Main.storyboard in Resources */ = {isa = PBXBuildFile; fileRef = 8B508FEE1F1D704C00DA3157 /* Main.storyboard */; };
		8B508FFB1F1FBCAC00DA3157 /* HomeScreenViewController.swift in Sources */ = {isa = PBXBuildFile; fileRef = 8B508FFA1F1FBCAC00DA3157 /* HomeScreenViewController.swift */; };
		8B5244B41F2925EB00CF8DFE /* CreateGroupViewController.swift in Sources */ = {isa = PBXBuildFile; fileRef = 8B5244B31F2925EB00CF8DFE /* CreateGroupViewController.swift */; };
		8B5244B61F2933D100CF8DFE /* IndividualGroupViewController.swift in Sources */ = {isa = PBXBuildFile; fileRef = 8B5244B51F2933D100CF8DFE /* IndividualGroupViewController.swift */; };
		8BF8F32A1F3D174100DDA7AD /* NameGroupViewController.swift in Sources */ = {isa = PBXBuildFile; fileRef = 8BF8F3291F3D174100DDA7AD /* NameGroupViewController.swift */; };
		A0B053FAA0F182CCC8EEC2CE /* Pods_SquareSplitTests.framework in Frameworks */ = {isa = PBXBuildFile; fileRef = D08B171545886C0BB2979D29 /* Pods_SquareSplitTests.framework */; };
		B150960824225678880B9B60 /* Pods_SquareSplitUITests.framework in Frameworks */ = {isa = PBXBuildFile; fileRef = 9EEBD5AAD2B17653151818D7 /* Pods_SquareSplitUITests.framework */; };
/* End PBXBuildFile section */

/* Begin PBXContainerItemProxy section */
		8B00E0551F191EA9002DBD9D /* PBXContainerItemProxy */ = {
			isa = PBXContainerItemProxy;
			containerPortal = 8B00E0381F191EA8002DBD9D /* Project object */;
			proxyType = 1;
			remoteGlobalIDString = 8B00E03F1F191EA8002DBD9D;
			remoteInfo = SquareSplit;
		};
		8B00E0601F191EA9002DBD9D /* PBXContainerItemProxy */ = {
			isa = PBXContainerItemProxy;
			containerPortal = 8B00E0381F191EA8002DBD9D /* Project object */;
			proxyType = 1;
			remoteGlobalIDString = 8B00E03F1F191EA8002DBD9D;
			remoteInfo = SquareSplit;
		};
/* End PBXContainerItemProxy section */

/* Begin PBXFileReference section */
		31B22C38F30FC618E7C4AC8E /* Pods_SquareSplit.framework */ = {isa = PBXFileReference; explicitFileType = wrapper.framework; includeInIndex = 0; path = Pods_SquareSplit.framework; sourceTree = BUILT_PRODUCTS_DIR; };
		35174C681F3BBD340020F56F /* ListofGroupsTableViewController.swift */ = {isa = PBXFileReference; fileEncoding = 4; lastKnownFileType = sourcecode.swift; path = ListofGroupsTableViewController.swift; sourceTree = "<group>"; };
		35382AF81F4686FC00BCC17A /* NewItemsViewController.swift */ = {isa = PBXFileReference; fileEncoding = 4; lastKnownFileType = sourcecode.swift; path = NewItemsViewController.swift; sourceTree = "<group>"; };
		35DAF064FDB07F4FB6EEB19D /* Pods-SquareSplitUITests.debug.xcconfig */ = {isa = PBXFileReference; includeInIndex = 1; lastKnownFileType = text.xcconfig; name = "Pods-SquareSplitUITests.debug.xcconfig"; path = "Pods/Target Support Files/Pods-SquareSplitUITests/Pods-SquareSplitUITests.debug.xcconfig"; sourceTree = "<group>"; };
		60648E815FB515462EE0A2DC /* Pods-SquareSplitUITests.release.xcconfig */ = {isa = PBXFileReference; includeInIndex = 1; lastKnownFileType = text.xcconfig; name = "Pods-SquareSplitUITests.release.xcconfig"; path = "Pods/Target Support Files/Pods-SquareSplitUITests/Pods-SquareSplitUITests.release.xcconfig"; sourceTree = "<group>"; };
		7AF1E177AFE7BAC24273BF1C /* Pods-SquareSplit.release.xcconfig */ = {isa = PBXFileReference; includeInIndex = 1; lastKnownFileType = text.xcconfig; name = "Pods-SquareSplit.release.xcconfig"; path = "Pods/Target Support Files/Pods-SquareSplit/Pods-SquareSplit.release.xcconfig"; sourceTree = "<group>"; };
		8B00E0401F191EA8002DBD9D /* SquareSplit.app */ = {isa = PBXFileReference; explicitFileType = wrapper.application; includeInIndex = 0; path = SquareSplit.app; sourceTree = BUILT_PRODUCTS_DIR; };
		8B00E0431F191EA8002DBD9D /* AppDelegate.swift */ = {isa = PBXFileReference; lastKnownFileType = sourcecode.swift; path = AppDelegate.swift; sourceTree = "<group>"; };
		8B00E04A1F191EA9002DBD9D /* Assets.xcassets */ = {isa = PBXFileReference; lastKnownFileType = folder.assetcatalog; path = Assets.xcassets; sourceTree = "<group>"; };
		8B00E04D1F191EA9002DBD9D /* Base */ = {isa = PBXFileReference; lastKnownFileType = file.storyboard; name = Base; path = Base.lproj/LaunchScreen.storyboard; sourceTree = "<group>"; };
		8B00E04F1F191EA9002DBD9D /* Info.plist */ = {isa = PBXFileReference; lastKnownFileType = text.plist.xml; path = Info.plist; sourceTree = "<group>"; };
		8B00E0541F191EA9002DBD9D /* SquareSplitTests.xctest */ = {isa = PBXFileReference; explicitFileType = wrapper.cfbundle; includeInIndex = 0; path = SquareSplitTests.xctest; sourceTree = BUILT_PRODUCTS_DIR; };
		8B00E0581F191EA9002DBD9D /* SquareSplitTests.swift */ = {isa = PBXFileReference; lastKnownFileType = sourcecode.swift; path = SquareSplitTests.swift; sourceTree = "<group>"; };
		8B00E05A1F191EA9002DBD9D /* Info.plist */ = {isa = PBXFileReference; lastKnownFileType = text.plist.xml; path = Info.plist; sourceTree = "<group>"; };
		8B00E05F1F191EA9002DBD9D /* SquareSplitUITests.xctest */ = {isa = PBXFileReference; explicitFileType = wrapper.cfbundle; includeInIndex = 0; path = SquareSplitUITests.xctest; sourceTree = BUILT_PRODUCTS_DIR; };
		8B00E0631F191EA9002DBD9D /* SquareSplitUITests.swift */ = {isa = PBXFileReference; lastKnownFileType = sourcecode.swift; path = SquareSplitUITests.swift; sourceTree = "<group>"; };
		8B00E0651F191EA9002DBD9D /* Info.plist */ = {isa = PBXFileReference; lastKnownFileType = text.plist.xml; path = Info.plist; sourceTree = "<group>"; };
		8B2985E01F2FAB0B000B2D96 /* ContainerViewController.swift */ = {isa = PBXFileReference; fileEncoding = 4; lastKnownFileType = sourcecode.swift; path = ContainerViewController.swift; sourceTree = "<group>"; };
		8B2985E61F391512000B2D96 /* GoogleService-Info.plist */ = {isa = PBXFileReference; fileEncoding = 4; lastKnownFileType = text.plist.xml; path = "GoogleService-Info.plist"; sourceTree = SOURCE_ROOT; };
		8B508FCE1F1A81E100DA3157 /* AdSupport.framework */ = {isa = PBXFileReference; lastKnownFileType = wrapper.framework; name = AdSupport.framework; path = System/Library/Frameworks/AdSupport.framework; sourceTree = SDKROOT; };
		8B508FE11F1D6D7200DA3157 /* RegistrationPageViewController.swift */ = {isa = PBXFileReference; fileEncoding = 4; lastKnownFileType = sourcecode.swift; path = RegistrationPageViewController.swift; sourceTree = "<group>"; };
		8B508FE31F1D6DBF00DA3157 /* PasswordResetViewController.swift */ = {isa = PBXFileReference; fileEncoding = 4; lastKnownFileType = sourcecode.swift; path = PasswordResetViewController.swift; sourceTree = "<group>"; };
		8B508FE91F1D6F9E00DA3157 /* ViewController.swift */ = {isa = PBXFileReference; fileEncoding = 4; lastKnownFileType = sourcecode.swift; path = ViewController.swift; sourceTree = "<group>"; };
		8B508FEE1F1D704C00DA3157 /* Main.storyboard */ = {isa = PBXFileReference; fileEncoding = 4; lastKnownFileType = file.storyboard; path = Main.storyboard; sourceTree = "<group>"; };
		8B508FFA1F1FBCAC00DA3157 /* HomeScreenViewController.swift */ = {isa = PBXFileReference; fileEncoding = 4; lastKnownFileType = sourcecode.swift; path = HomeScreenViewController.swift; sourceTree = "<group>"; };
		8B5244B31F2925EB00CF8DFE /* CreateGroupViewController.swift */ = {isa = PBXFileReference; fileEncoding = 4; lastKnownFileType = sourcecode.swift; path = CreateGroupViewController.swift; sourceTree = "<group>"; };
		8B5244B51F2933D100CF8DFE /* IndividualGroupViewController.swift */ = {isa = PBXFileReference; fileEncoding = 4; lastKnownFileType = sourcecode.swift; path = IndividualGroupViewController.swift; sourceTree = "<group>"; };
		8BF8F3291F3D174100DDA7AD /* NameGroupViewController.swift */ = {isa = PBXFileReference; fileEncoding = 4; lastKnownFileType = sourcecode.swift; path = NameGroupViewController.swift; sourceTree = "<group>"; };
		9EEBD5AAD2B17653151818D7 /* Pods_SquareSplitUITests.framework */ = {isa = PBXFileReference; explicitFileType = wrapper.framework; includeInIndex = 0; path = Pods_SquareSplitUITests.framework; sourceTree = BUILT_PRODUCTS_DIR; };
		9FA8BEABBA078CDA2BF21313 /* Pods-SquareSplit.debug.xcconfig */ = {isa = PBXFileReference; includeInIndex = 1; lastKnownFileType = text.xcconfig; name = "Pods-SquareSplit.debug.xcconfig"; path = "Pods/Target Support Files/Pods-SquareSplit/Pods-SquareSplit.debug.xcconfig"; sourceTree = "<group>"; };
		C780C6541A36FE0CC7404BEB /* Pods-SquareSplitTests.release.xcconfig */ = {isa = PBXFileReference; includeInIndex = 1; lastKnownFileType = text.xcconfig; name = "Pods-SquareSplitTests.release.xcconfig"; path = "Pods/Target Support Files/Pods-SquareSplitTests/Pods-SquareSplitTests.release.xcconfig"; sourceTree = "<group>"; };
		D08B171545886C0BB2979D29 /* Pods_SquareSplitTests.framework */ = {isa = PBXFileReference; explicitFileType = wrapper.framework; includeInIndex = 0; path = Pods_SquareSplitTests.framework; sourceTree = BUILT_PRODUCTS_DIR; };
		E8BDFD1F9E4CA26984D4705E /* Pods-SquareSplitTests.debug.xcconfig */ = {isa = PBXFileReference; includeInIndex = 1; lastKnownFileType = text.xcconfig; name = "Pods-SquareSplitTests.debug.xcconfig"; path = "Pods/Target Support Files/Pods-SquareSplitTests/Pods-SquareSplitTests.debug.xcconfig"; sourceTree = "<group>"; };
/* End PBXFileReference section */

/* Begin PBXFrameworksBuildPhase section */
		8B00E03D1F191EA8002DBD9D /* Frameworks */ = {
			isa = PBXFrameworksBuildPhase;
			buildActionMask = 2147483647;
			files = (
				8B508FCF1F1A81E100DA3157 /* AdSupport.framework in Frameworks */,
				827A721733530D155BDE28AB /* Pods_SquareSplit.framework in Frameworks */,
			);
			runOnlyForDeploymentPostprocessing = 0;
		};
		8B00E0511F191EA9002DBD9D /* Frameworks */ = {
			isa = PBXFrameworksBuildPhase;
			buildActionMask = 2147483647;
			files = (
				A0B053FAA0F182CCC8EEC2CE /* Pods_SquareSplitTests.framework in Frameworks */,
			);
			runOnlyForDeploymentPostprocessing = 0;
		};
		8B00E05C1F191EA9002DBD9D /* Frameworks */ = {
			isa = PBXFrameworksBuildPhase;
			buildActionMask = 2147483647;
			files = (
				B150960824225678880B9B60 /* Pods_SquareSplitUITests.framework in Frameworks */,
			);
			runOnlyForDeploymentPostprocessing = 0;
		};
/* End PBXFrameworksBuildPhase section */

/* Begin PBXGroup section */
		893827F7BDA194B1CE2335BB /* Pods */ = {
			isa = PBXGroup;
			children = (
				9FA8BEABBA078CDA2BF21313 /* Pods-SquareSplit.debug.xcconfig */,
				7AF1E177AFE7BAC24273BF1C /* Pods-SquareSplit.release.xcconfig */,
				E8BDFD1F9E4CA26984D4705E /* Pods-SquareSplitTests.debug.xcconfig */,
				C780C6541A36FE0CC7404BEB /* Pods-SquareSplitTests.release.xcconfig */,
				35DAF064FDB07F4FB6EEB19D /* Pods-SquareSplitUITests.debug.xcconfig */,
				60648E815FB515462EE0A2DC /* Pods-SquareSplitUITests.release.xcconfig */,
			);
			name = Pods;
			sourceTree = "<group>";
		};
		8B00E0371F191EA8002DBD9D = {
			isa = PBXGroup;
			children = (
				8B00E0421F191EA8002DBD9D /* SquareSplit */,
				8B00E0571F191EA9002DBD9D /* SquareSplitTests */,
				8B00E0621F191EA9002DBD9D /* SquareSplitUITests */,
				8B00E0411F191EA8002DBD9D /* Products */,
				893827F7BDA194B1CE2335BB /* Pods */,
				AAF0EDA2E75051C4CD862CD3 /* Frameworks */,
			);
			sourceTree = "<group>";
		};
		8B00E0411F191EA8002DBD9D /* Products */ = {
			isa = PBXGroup;
			children = (
				8B00E0401F191EA8002DBD9D /* SquareSplit.app */,
				8B00E0541F191EA9002DBD9D /* SquareSplitTests.xctest */,
				8B00E05F1F191EA9002DBD9D /* SquareSplitUITests.xctest */,
			);
			name = Products;
			sourceTree = "<group>";
		};
		8B00E0421F191EA8002DBD9D /* SquareSplit */ = {
			isa = PBXGroup;
			children = (
				8B508FEE1F1D704C00DA3157 /* Main.storyboard */,
				8B5244B51F2933D100CF8DFE /* IndividualGroupViewController.swift */,
				35174C681F3BBD340020F56F /* ListofGroupsTableViewController.swift */,
				8B00E0431F191EA8002DBD9D /* AppDelegate.swift */,
				8B508FE91F1D6F9E00DA3157 /* ViewController.swift */,
				8B2985E01F2FAB0B000B2D96 /* ContainerViewController.swift */,
				8B508FE31F1D6DBF00DA3157 /* PasswordResetViewController.swift */,
				8B508FE11F1D6D7200DA3157 /* RegistrationPageViewController.swift */,
				8B508FFA1F1FBCAC00DA3157 /* HomeScreenViewController.swift */,
				8BF8F3291F3D174100DDA7AD /* NameGroupViewController.swift */,
				8B5244B31F2925EB00CF8DFE /* CreateGroupViewController.swift */,
				8B2985E61F391512000B2D96 /* GoogleService-Info.plist */,
				8B00E04F1F191EA9002DBD9D /* Info.plist */,
				8B00E04A1F191EA9002DBD9D /* Assets.xcassets */,
				8B00E04C1F191EA9002DBD9D /* LaunchScreen.storyboard */,
				35382AF81F4686FC00BCC17A /* NewItemsViewController.swift */,
			);
			path = SquareSplit;
			sourceTree = "<group>";
		};
		8B00E0571F191EA9002DBD9D /* SquareSplitTests */ = {
			isa = PBXGroup;
			children = (
				8B00E0581F191EA9002DBD9D /* SquareSplitTests.swift */,
				8B00E05A1F191EA9002DBD9D /* Info.plist */,
			);
			path = SquareSplitTests;
			sourceTree = "<group>";
		};
		8B00E0621F191EA9002DBD9D /* SquareSplitUITests */ = {
			isa = PBXGroup;
			children = (
				8B00E0631F191EA9002DBD9D /* SquareSplitUITests.swift */,
				8B00E0651F191EA9002DBD9D /* Info.plist */,
			);
			path = SquareSplitUITests;
			sourceTree = "<group>";
		};
		AAF0EDA2E75051C4CD862CD3 /* Frameworks */ = {
			isa = PBXGroup;
			children = (
				8B508FCE1F1A81E100DA3157 /* AdSupport.framework */,
				31B22C38F30FC618E7C4AC8E /* Pods_SquareSplit.framework */,
				D08B171545886C0BB2979D29 /* Pods_SquareSplitTests.framework */,
				9EEBD5AAD2B17653151818D7 /* Pods_SquareSplitUITests.framework */,
			);
			name = Frameworks;
			sourceTree = "<group>";
		};
/* End PBXGroup section */

/* Begin PBXNativeTarget section */
		8B00E03F1F191EA8002DBD9D /* SquareSplit */ = {
			isa = PBXNativeTarget;
			buildConfigurationList = 8B00E0681F191EA9002DBD9D /* Build configuration list for PBXNativeTarget "SquareSplit" */;
			buildPhases = (
				45A4595EA592240520F7297A /* [CP] Check Pods Manifest.lock */,
				8B00E03C1F191EA8002DBD9D /* Sources */,
				8B00E03D1F191EA8002DBD9D /* Frameworks */,
				8B00E03E1F191EA8002DBD9D /* Resources */,
				C3509F980E4DACD332656DD9 /* [CP] Embed Pods Frameworks */,
				E6D0C0A82C77B40580C800C0 /* [CP] Copy Pods Resources */,
			);
			buildRules = (
			);
			dependencies = (
			);
			name = SquareSplit;
			productName = SquareSplit;
			productReference = 8B00E0401F191EA8002DBD9D /* SquareSplit.app */;
			productType = "com.apple.product-type.application";
		};
		8B00E0531F191EA9002DBD9D /* SquareSplitTests */ = {
			isa = PBXNativeTarget;
			buildConfigurationList = 8B00E06B1F191EA9002DBD9D /* Build configuration list for PBXNativeTarget "SquareSplitTests" */;
			buildPhases = (
				F3024867088F8908F1F203D9 /* [CP] Check Pods Manifest.lock */,
				8B00E0501F191EA9002DBD9D /* Sources */,
				8B00E0511F191EA9002DBD9D /* Frameworks */,
				8B00E0521F191EA9002DBD9D /* Resources */,
				3EC551A6085BC967ADCCCFE9 /* [CP] Embed Pods Frameworks */,
				10B78DA8AD80A05BB9DA9902 /* [CP] Copy Pods Resources */,
			);
			buildRules = (
			);
			dependencies = (
				8B00E0561F191EA9002DBD9D /* PBXTargetDependency */,
			);
			name = SquareSplitTests;
			productName = SquareSplitTests;
			productReference = 8B00E0541F191EA9002DBD9D /* SquareSplitTests.xctest */;
			productType = "com.apple.product-type.bundle.unit-test";
		};
		8B00E05E1F191EA9002DBD9D /* SquareSplitUITests */ = {
			isa = PBXNativeTarget;
			buildConfigurationList = 8B00E06E1F191EA9002DBD9D /* Build configuration list for PBXNativeTarget "SquareSplitUITests" */;
			buildPhases = (
				BD3C924D9B9EDA9D009EB336 /* [CP] Check Pods Manifest.lock */,
				8B00E05B1F191EA9002DBD9D /* Sources */,
				8B00E05C1F191EA9002DBD9D /* Frameworks */,
				8B00E05D1F191EA9002DBD9D /* Resources */,
				A1A7A7C7A4B5724534FE7422 /* [CP] Embed Pods Frameworks */,
				5620693BF59BE446C015D4C2 /* [CP] Copy Pods Resources */,
			);
			buildRules = (
			);
			dependencies = (
				8B00E0611F191EA9002DBD9D /* PBXTargetDependency */,
			);
			name = SquareSplitUITests;
			productName = SquareSplitUITests;
			productReference = 8B00E05F1F191EA9002DBD9D /* SquareSplitUITests.xctest */;
			productType = "com.apple.product-type.bundle.ui-testing";
		};
/* End PBXNativeTarget section */

/* Begin PBXProject section */
		8B00E0381F191EA8002DBD9D /* Project object */ = {
			isa = PBXProject;
			attributes = {
				LastSwiftUpdateCheck = 0820;
				LastUpgradeCheck = 0820;
				ORGANIZATIONNAME = "Hall Enterprises";
				TargetAttributes = {
					8B00E03F1F191EA8002DBD9D = {
						CreatedOnToolsVersion = 8.2.1;
						ProvisioningStyle = Automatic;
					};
					8B00E0531F191EA9002DBD9D = {
						CreatedOnToolsVersion = 8.2.1;
						ProvisioningStyle = Automatic;
						TestTargetID = 8B00E03F1F191EA8002DBD9D;
					};
					8B00E05E1F191EA9002DBD9D = {
						CreatedOnToolsVersion = 8.2.1;
						ProvisioningStyle = Automatic;
						TestTargetID = 8B00E03F1F191EA8002DBD9D;
					};
				};
			};
			buildConfigurationList = 8B00E03B1F191EA8002DBD9D /* Build configuration list for PBXProject "SquareSplit" */;
			compatibilityVersion = "Xcode 3.2";
			developmentRegion = English;
			hasScannedForEncodings = 0;
			knownRegions = (
				en,
				Base,
			);
			mainGroup = 8B00E0371F191EA8002DBD9D;
			productRefGroup = 8B00E0411F191EA8002DBD9D /* Products */;
			projectDirPath = "";
			projectRoot = "";
			targets = (
				8B00E03F1F191EA8002DBD9D /* SquareSplit */,
				8B00E0531F191EA9002DBD9D /* SquareSplitTests */,
				8B00E05E1F191EA9002DBD9D /* SquareSplitUITests */,
			);
		};
/* End PBXProject section */

/* Begin PBXResourcesBuildPhase section */
		8B00E03E1F191EA8002DBD9D /* Resources */ = {
			isa = PBXResourcesBuildPhase;
			buildActionMask = 2147483647;
			files = (
				8B00E04E1F191EA9002DBD9D /* LaunchScreen.storyboard in Resources */,
				8B2985E71F391512000B2D96 /* GoogleService-Info.plist in Resources */,
				8B508FEF1F1D704D00DA3157 /* Main.storyboard in Resources */,
				8B00E04B1F191EA9002DBD9D /* Assets.xcassets in Resources */,
			);
			runOnlyForDeploymentPostprocessing = 0;
		};
		8B00E0521F191EA9002DBD9D /* Resources */ = {
			isa = PBXResourcesBuildPhase;
			buildActionMask = 2147483647;
			files = (
			);
			runOnlyForDeploymentPostprocessing = 0;
		};
		8B00E05D1F191EA9002DBD9D /* Resources */ = {
			isa = PBXResourcesBuildPhase;
			buildActionMask = 2147483647;
			files = (
			);
			runOnlyForDeploymentPostprocessing = 0;
		};
/* End PBXResourcesBuildPhase section */

/* Begin PBXShellScriptBuildPhase section */
		10B78DA8AD80A05BB9DA9902 /* [CP] Copy Pods Resources */ = {
			isa = PBXShellScriptBuildPhase;
			buildActionMask = 2147483647;
			files = (
			);
			inputPaths = (
			);
			name = "[CP] Copy Pods Resources";
			outputPaths = (
			);
			runOnlyForDeploymentPostprocessing = 0;
			shellPath = /bin/sh;
			shellScript = "\"${SRCROOT}/Pods/Target Support Files/Pods-SquareSplitTests/Pods-SquareSplitTests-resources.sh\"\n";
			showEnvVarsInLog = 0;
		};
		3EC551A6085BC967ADCCCFE9 /* [CP] Embed Pods Frameworks */ = {
			isa = PBXShellScriptBuildPhase;
			buildActionMask = 2147483647;
			files = (
			);
			inputPaths = (
			);
			name = "[CP] Embed Pods Frameworks";
			outputPaths = (
			);
			runOnlyForDeploymentPostprocessing = 0;
			shellPath = /bin/sh;
			shellScript = "\"${SRCROOT}/Pods/Target Support Files/Pods-SquareSplitTests/Pods-SquareSplitTests-frameworks.sh\"\n";
			showEnvVarsInLog = 0;
		};
		45A4595EA592240520F7297A /* [CP] Check Pods Manifest.lock */ = {
			isa = PBXShellScriptBuildPhase;
			buildActionMask = 2147483647;
			files = (
			);
			inputPaths = (
			);
			name = "[CP] Check Pods Manifest.lock";
			outputPaths = (
			);
			runOnlyForDeploymentPostprocessing = 0;
			shellPath = /bin/sh;
			shellScript = "diff \"${PODS_PODFILE_DIR_PATH}/Podfile.lock\" \"${PODS_ROOT}/Manifest.lock\" > /dev/null\nif [ $? != 0 ] ; then\n    # print error to STDERR\n    echo \"error: The sandbox is not in sync with the Podfile.lock. Run 'pod install' or update your CocoaPods installation.\" >&2\n    exit 1\nfi\n";
			showEnvVarsInLog = 0;
		};
		5620693BF59BE446C015D4C2 /* [CP] Copy Pods Resources */ = {
			isa = PBXShellScriptBuildPhase;
			buildActionMask = 2147483647;
			files = (
			);
			inputPaths = (
			);
			name = "[CP] Copy Pods Resources";
			outputPaths = (
			);
			runOnlyForDeploymentPostprocessing = 0;
			shellPath = /bin/sh;
			shellScript = "\"${SRCROOT}/Pods/Target Support Files/Pods-SquareSplitUITests/Pods-SquareSplitUITests-resources.sh\"\n";
			showEnvVarsInLog = 0;
		};
		A1A7A7C7A4B5724534FE7422 /* [CP] Embed Pods Frameworks */ = {
			isa = PBXShellScriptBuildPhase;
			buildActionMask = 2147483647;
			files = (
			);
			inputPaths = (
			);
			name = "[CP] Embed Pods Frameworks";
			outputPaths = (
			);
			runOnlyForDeploymentPostprocessing = 0;
			shellPath = /bin/sh;
			shellScript = "\"${SRCROOT}/Pods/Target Support Files/Pods-SquareSplitUITests/Pods-SquareSplitUITests-frameworks.sh\"\n";
			showEnvVarsInLog = 0;
		};
		BD3C924D9B9EDA9D009EB336 /* [CP] Check Pods Manifest.lock */ = {
			isa = PBXShellScriptBuildPhase;
			buildActionMask = 2147483647;
			files = (
			);
			inputPaths = (
			);
			name = "[CP] Check Pods Manifest.lock";
			outputPaths = (
			);
			runOnlyForDeploymentPostprocessing = 0;
			shellPath = /bin/sh;
			shellScript = "diff \"${PODS_PODFILE_DIR_PATH}/Podfile.lock\" \"${PODS_ROOT}/Manifest.lock\" > /dev/null\nif [ $? != 0 ] ; then\n    # print error to STDERR\n    echo \"error: The sandbox is not in sync with the Podfile.lock. Run 'pod install' or update your CocoaPods installation.\" >&2\n    exit 1\nfi\n";
			showEnvVarsInLog = 0;
		};
		C3509F980E4DACD332656DD9 /* [CP] Embed Pods Frameworks */ = {
			isa = PBXShellScriptBuildPhase;
			buildActionMask = 2147483647;
			files = (
			);
			inputPaths = (
			);
			name = "[CP] Embed Pods Frameworks";
			outputPaths = (
			);
			runOnlyForDeploymentPostprocessing = 0;
			shellPath = /bin/sh;
			shellScript = "\"${SRCROOT}/Pods/Target Support Files/Pods-SquareSplit/Pods-SquareSplit-frameworks.sh\"\n";
			showEnvVarsInLog = 0;
		};
		E6D0C0A82C77B40580C800C0 /* [CP] Copy Pods Resources */ = {
			isa = PBXShellScriptBuildPhase;
			buildActionMask = 2147483647;
			files = (
			);
			inputPaths = (
			);
			name = "[CP] Copy Pods Resources";
			outputPaths = (
			);
			runOnlyForDeploymentPostprocessing = 0;
			shellPath = /bin/sh;
			shellScript = "\"${SRCROOT}/Pods/Target Support Files/Pods-SquareSplit/Pods-SquareSplit-resources.sh\"\n";
			showEnvVarsInLog = 0;
		};
		F3024867088F8908F1F203D9 /* [CP] Check Pods Manifest.lock */ = {
			isa = PBXShellScriptBuildPhase;
			buildActionMask = 2147483647;
			files = (
			);
			inputPaths = (
			);
			name = "[CP] Check Pods Manifest.lock";
			outputPaths = (
			);
			runOnlyForDeploymentPostprocessing = 0;
			shellPath = /bin/sh;
			shellScript = "diff \"${PODS_PODFILE_DIR_PATH}/Podfile.lock\" \"${PODS_ROOT}/Manifest.lock\" > /dev/null\nif [ $? != 0 ] ; then\n    # print error to STDERR\n    echo \"error: The sandbox is not in sync with the Podfile.lock. Run 'pod install' or update your CocoaPods installation.\" >&2\n    exit 1\nfi\n";
			showEnvVarsInLog = 0;
		};
/* End PBXShellScriptBuildPhase section */

/* Begin PBXSourcesBuildPhase section */
		8B00E03C1F191EA8002DBD9D /* Sources */ = {
			isa = PBXSourcesBuildPhase;
			buildActionMask = 2147483647;
			files = (
				8B5244B41F2925EB00CF8DFE /* CreateGroupViewController.swift in Sources */,
				8B00E0441F191EA8002DBD9D /* AppDelegate.swift in Sources */,
				8B2985E11F2FAB0B000B2D96 /* ContainerViewController.swift in Sources */,
				8BF8F32A1F3D174100DDA7AD /* NameGroupViewController.swift in Sources */,
				8B508FE21F1D6D7200DA3157 /* RegistrationPageViewController.swift in Sources */,
				8B508FEA1F1D6F9E00DA3157 /* ViewController.swift in Sources */,
				8B5244B61F2933D100CF8DFE /* IndividualGroupViewController.swift in Sources */,
				8B508FE41F1D6DBF00DA3157 /* PasswordResetViewController.swift in Sources */,
				8B508FFB1F1FBCAC00DA3157 /* HomeScreenViewController.swift in Sources */,
				35174C691F3BBD340020F56F /* ListofGroupsTableViewController.swift in Sources */,
				35382AF91F4686FC00BCC17A /* NewItemsViewController.swift in Sources */,
			);
			runOnlyForDeploymentPostprocessing = 0;
		};
		8B00E0501F191EA9002DBD9D /* Sources */ = {
			isa = PBXSourcesBuildPhase;
			buildActionMask = 2147483647;
			files = (
				8B00E0591F191EA9002DBD9D /* SquareSplitTests.swift in Sources */,
			);
			runOnlyForDeploymentPostprocessing = 0;
		};
		8B00E05B1F191EA9002DBD9D /* Sources */ = {
			isa = PBXSourcesBuildPhase;
			buildActionMask = 2147483647;
			files = (
				8B00E0641F191EA9002DBD9D /* SquareSplitUITests.swift in Sources */,
			);
			runOnlyForDeploymentPostprocessing = 0;
		};
/* End PBXSourcesBuildPhase section */

/* Begin PBXTargetDependency section */
		8B00E0561F191EA9002DBD9D /* PBXTargetDependency */ = {
			isa = PBXTargetDependency;
			target = 8B00E03F1F191EA8002DBD9D /* SquareSplit */;
			targetProxy = 8B00E0551F191EA9002DBD9D /* PBXContainerItemProxy */;
		};
		8B00E0611F191EA9002DBD9D /* PBXTargetDependency */ = {
			isa = PBXTargetDependency;
			target = 8B00E03F1F191EA8002DBD9D /* SquareSplit */;
			targetProxy = 8B00E0601F191EA9002DBD9D /* PBXContainerItemProxy */;
		};
/* End PBXTargetDependency section */

/* Begin PBXVariantGroup section */
		8B00E04C1F191EA9002DBD9D /* LaunchScreen.storyboard */ = {
			isa = PBXVariantGroup;
			children = (
				8B00E04D1F191EA9002DBD9D /* Base */,
			);
			name = LaunchScreen.storyboard;
			sourceTree = "<group>";
		};
/* End PBXVariantGroup section */

/* Begin XCBuildConfiguration section */
		8B00E0661F191EA9002DBD9D /* Debug */ = {
			isa = XCBuildConfiguration;
			buildSettings = {
				ALWAYS_SEARCH_USER_PATHS = NO;
				CLANG_ANALYZER_NONNULL = YES;
				CLANG_CXX_LANGUAGE_STANDARD = "gnu++0x";
				CLANG_CXX_LIBRARY = "libc++";
				CLANG_ENABLE_MODULES = YES;
				CLANG_ENABLE_OBJC_ARC = YES;
				CLANG_WARN_BOOL_CONVERSION = YES;
				CLANG_WARN_CONSTANT_CONVERSION = YES;
				CLANG_WARN_DIRECT_OBJC_ISA_USAGE = YES_ERROR;
				CLANG_WARN_DOCUMENTATION_COMMENTS = YES;
				CLANG_WARN_EMPTY_BODY = YES;
				CLANG_WARN_ENUM_CONVERSION = YES;
				CLANG_WARN_INFINITE_RECURSION = YES;
				CLANG_WARN_INT_CONVERSION = YES;
				CLANG_WARN_OBJC_ROOT_CLASS = YES_ERROR;
				CLANG_WARN_SUSPICIOUS_MOVE = YES;
				CLANG_WARN_UNREACHABLE_CODE = YES;
				CLANG_WARN__DUPLICATE_METHOD_MATCH = YES;
				"CODE_SIGN_IDENTITY[sdk=iphoneos*]" = "iPhone Developer";
				COPY_PHASE_STRIP = NO;
				DEBUG_INFORMATION_FORMAT = dwarf;
				ENABLE_STRICT_OBJC_MSGSEND = YES;
				ENABLE_TESTABILITY = YES;
				GCC_C_LANGUAGE_STANDARD = gnu99;
				GCC_DYNAMIC_NO_PIC = NO;
				GCC_NO_COMMON_BLOCKS = YES;
				GCC_OPTIMIZATION_LEVEL = 0;
				GCC_PREPROCESSOR_DEFINITIONS = (
					"DEBUG=1",
					"$(inherited)",
				);
				GCC_WARN_64_TO_32_BIT_CONVERSION = YES;
				GCC_WARN_ABOUT_RETURN_TYPE = YES_ERROR;
				GCC_WARN_UNDECLARED_SELECTOR = YES;
				GCC_WARN_UNINITIALIZED_AUTOS = YES_AGGRESSIVE;
				GCC_WARN_UNUSED_FUNCTION = YES;
				GCC_WARN_UNUSED_VARIABLE = YES;
				IPHONEOS_DEPLOYMENT_TARGET = 10.2;
				MTL_ENABLE_DEBUG_INFO = YES;
				ONLY_ACTIVE_ARCH = YES;
				SDKROOT = iphoneos;
				SWIFT_ACTIVE_COMPILATION_CONDITIONS = DEBUG;
				SWIFT_OPTIMIZATION_LEVEL = "-Onone";
			};
			name = Debug;
		};
		8B00E0671F191EA9002DBD9D /* Release */ = {
			isa = XCBuildConfiguration;
			buildSettings = {
				ALWAYS_SEARCH_USER_PATHS = NO;
				CLANG_ANALYZER_NONNULL = YES;
				CLANG_CXX_LANGUAGE_STANDARD = "gnu++0x";
				CLANG_CXX_LIBRARY = "libc++";
				CLANG_ENABLE_MODULES = YES;
				CLANG_ENABLE_OBJC_ARC = YES;
				CLANG_WARN_BOOL_CONVERSION = YES;
				CLANG_WARN_CONSTANT_CONVERSION = YES;
				CLANG_WARN_DIRECT_OBJC_ISA_USAGE = YES_ERROR;
				CLANG_WARN_DOCUMENTATION_COMMENTS = YES;
				CLANG_WARN_EMPTY_BODY = YES;
				CLANG_WARN_ENUM_CONVERSION = YES;
				CLANG_WARN_INFINITE_RECURSION = YES;
				CLANG_WARN_INT_CONVERSION = YES;
				CLANG_WARN_OBJC_ROOT_CLASS = YES_ERROR;
				CLANG_WARN_SUSPICIOUS_MOVE = YES;
				CLANG_WARN_UNREACHABLE_CODE = YES;
				CLANG_WARN__DUPLICATE_METHOD_MATCH = YES;
				"CODE_SIGN_IDENTITY[sdk=iphoneos*]" = "iPhone Developer";
				COPY_PHASE_STRIP = NO;
				DEBUG_INFORMATION_FORMAT = "dwarf-with-dsym";
				ENABLE_NS_ASSERTIONS = NO;
				ENABLE_STRICT_OBJC_MSGSEND = YES;
				GCC_C_LANGUAGE_STANDARD = gnu99;
				GCC_NO_COMMON_BLOCKS = YES;
				GCC_WARN_64_TO_32_BIT_CONVERSION = YES;
				GCC_WARN_ABOUT_RETURN_TYPE = YES_ERROR;
				GCC_WARN_UNDECLARED_SELECTOR = YES;
				GCC_WARN_UNINITIALIZED_AUTOS = YES_AGGRESSIVE;
				GCC_WARN_UNUSED_FUNCTION = YES;
				GCC_WARN_UNUSED_VARIABLE = YES;
				IPHONEOS_DEPLOYMENT_TARGET = 10.2;
				MTL_ENABLE_DEBUG_INFO = NO;
				SDKROOT = iphoneos;
				SWIFT_OPTIMIZATION_LEVEL = "-Owholemodule";
				VALIDATE_PRODUCT = YES;
			};
			name = Release;
		};
		8B00E0691F191EA9002DBD9D /* Debug */ = {
			isa = XCBuildConfiguration;
			baseConfigurationReference = 9FA8BEABBA078CDA2BF21313 /* Pods-SquareSplit.debug.xcconfig */;
			buildSettings = {
				ASSETCATALOG_COMPILER_APPICON_NAME = AppIcon;
				INFOPLIST_FILE = SquareSplit/Info.plist;
				LD_RUNPATH_SEARCH_PATHS = "$(inherited) @executable_path/Frameworks";
				PRODUCT_BUNDLE_IDENTIFIER = version2.SquareSplit;
				PRODUCT_NAME = "$(TARGET_NAME)";
				SWIFT_VERSION = 3.0;
			};
			name = Debug;
		};
		8B00E06A1F191EA9002DBD9D /* Release */ = {
			isa = XCBuildConfiguration;
			baseConfigurationReference = 7AF1E177AFE7BAC24273BF1C /* Pods-SquareSplit.release.xcconfig */;
			buildSettings = {
				ASSETCATALOG_COMPILER_APPICON_NAME = AppIcon;
				INFOPLIST_FILE = SquareSplit/Info.plist;
				LD_RUNPATH_SEARCH_PATHS = "$(inherited) @executable_path/Frameworks";
				PRODUCT_BUNDLE_IDENTIFIER = version2.SquareSplit;
				PRODUCT_NAME = "$(TARGET_NAME)";
				SWIFT_VERSION = 3.0;
			};
			name = Release;
		};
		8B00E06C1F191EA9002DBD9D /* Debug */ = {
			isa = XCBuildConfiguration;
			baseConfigurationReference = E8BDFD1F9E4CA26984D4705E /* Pods-SquareSplitTests.debug.xcconfig */;
			buildSettings = {
				ALWAYS_EMBED_SWIFT_STANDARD_LIBRARIES = YES;
				BUNDLE_LOADER = "$(TEST_HOST)";
				INFOPLIST_FILE = SquareSplitTests/Info.plist;
				LD_RUNPATH_SEARCH_PATHS = "$(inherited) @executable_path/Frameworks @loader_path/Frameworks";
				PRODUCT_BUNDLE_IDENTIFIER = version2.SquareSplitTests;
				PRODUCT_NAME = "$(TARGET_NAME)";
				SWIFT_VERSION = 3.0;
				TEST_HOST = "$(BUILT_PRODUCTS_DIR)/SquareSplit.app/SquareSplit";
			};
			name = Debug;
		};
		8B00E06D1F191EA9002DBD9D /* Release */ = {
			isa = XCBuildConfiguration;
			baseConfigurationReference = C780C6541A36FE0CC7404BEB /* Pods-SquareSplitTests.release.xcconfig */;
			buildSettings = {
				ALWAYS_EMBED_SWIFT_STANDARD_LIBRARIES = YES;
				BUNDLE_LOADER = "$(TEST_HOST)";
				INFOPLIST_FILE = SquareSplitTests/Info.plist;
				LD_RUNPATH_SEARCH_PATHS = "$(inherited) @executable_path/Frameworks @loader_path/Frameworks";
				PRODUCT_BUNDLE_IDENTIFIER = version2.SquareSplitTests;
				PRODUCT_NAME = "$(TARGET_NAME)";
				SWIFT_VERSION = 3.0;
				TEST_HOST = "$(BUILT_PRODUCTS_DIR)/SquareSplit.app/SquareSplit";
			};
			name = Release;
		};
		8B00E06F1F191EA9002DBD9D /* Debug */ = {
			isa = XCBuildConfiguration;
			baseConfigurationReference = 35DAF064FDB07F4FB6EEB19D /* Pods-SquareSplitUITests.debug.xcconfig */;
			buildSettings = {
				ALWAYS_EMBED_SWIFT_STANDARD_LIBRARIES = YES;
				INFOPLIST_FILE = SquareSplitUITests/Info.plist;
				LD_RUNPATH_SEARCH_PATHS = "$(inherited) @executable_path/Frameworks @loader_path/Frameworks";
				PRODUCT_BUNDLE_IDENTIFIER = version2.SquareSplitUITests;
				PRODUCT_NAME = "$(TARGET_NAME)";
				SWIFT_VERSION = 3.0;
				TEST_TARGET_NAME = SquareSplit;
			};
			name = Debug;
		};
		8B00E0701F191EA9002DBD9D /* Release */ = {
			isa = XCBuildConfiguration;
			baseConfigurationReference = 60648E815FB515462EE0A2DC /* Pods-SquareSplitUITests.release.xcconfig */;
			buildSettings = {
				ALWAYS_EMBED_SWIFT_STANDARD_LIBRARIES = YES;
				INFOPLIST_FILE = SquareSplitUITests/Info.plist;
				LD_RUNPATH_SEARCH_PATHS = "$(inherited) @executable_path/Frameworks @loader_path/Frameworks";
				PRODUCT_BUNDLE_IDENTIFIER = version2.SquareSplitUITests;
				PRODUCT_NAME = "$(TARGET_NAME)";
				SWIFT_VERSION = 3.0;
				TEST_TARGET_NAME = SquareSplit;
			};
			name = Release;
		};
/* End XCBuildConfiguration section */

/* Begin XCConfigurationList section */
		8B00E03B1F191EA8002DBD9D /* Build configuration list for PBXProject "SquareSplit" */ = {
			isa = XCConfigurationList;
			buildConfigurations = (
				8B00E0661F191EA9002DBD9D /* Debug */,
				8B00E0671F191EA9002DBD9D /* Release */,
			);
			defaultConfigurationIsVisible = 0;
			defaultConfigurationName = Release;
		};
		8B00E0681F191EA9002DBD9D /* Build configuration list for PBXNativeTarget "SquareSplit" */ = {
			isa = XCConfigurationList;
			buildConfigurations = (
				8B00E0691F191EA9002DBD9D /* Debug */,
				8B00E06A1F191EA9002DBD9D /* Release */,
			);
			defaultConfigurationIsVisible = 0;
			defaultConfigurationName = Release;
		};
		8B00E06B1F191EA9002DBD9D /* Build configuration list for PBXNativeTarget "SquareSplitTests" */ = {
			isa = XCConfigurationList;
			buildConfigurations = (
				8B00E06C1F191EA9002DBD9D /* Debug */,
				8B00E06D1F191EA9002DBD9D /* Release */,
			);
			defaultConfigurationIsVisible = 0;
			defaultConfigurationName = Release;
		};
		8B00E06E1F191EA9002DBD9D /* Build configuration list for PBXNativeTarget "SquareSplitUITests" */ = {
			isa = XCConfigurationList;
			buildConfigurations = (
				8B00E06F1F191EA9002DBD9D /* Debug */,
				8B00E0701F191EA9002DBD9D /* Release */,
			);
			defaultConfigurationIsVisible = 0;
			defaultConfigurationName = Release;
		};
/* End XCConfigurationList section */
	};
	rootObject = 8B00E0381F191EA8002DBD9D /* Project object */;
}
