// !$*UTF8*$!
{
	archiveVersion = 1;
	classes = {
	};
	objectVersion = 46;
	objects = {

/* Begin PBXBuildFile section */
		8B00E0441F191EA8002DBD9D /* AppDelegate.swift in Sources */ = {isa = PBXBuildFile; fileRef = 8B00E0431F191EA8002DBD9D /* AppDelegate.swift */; };
		8B00E0461F191EA8002DBD9D /* ViewController.swift in Sources */ = {isa = PBXBuildFile; fileRef = 8B00E0451F191EA8002DBD9D /* ViewController.swift */; };
		8B00E0491F191EA8002DBD9D /* Main.storyboard in Resources */ = {isa = PBXBuildFile; fileRef = 8B00E0471F191EA8002DBD9D /* Main.storyboard */; };
		8B00E04B1F191EA9002DBD9D /* Assets.xcassets in Resources */ = {isa = PBXBuildFile; fileRef = 8B00E04A1F191EA9002DBD9D /* Assets.xcassets */; };
		8B00E04E1F191EA9002DBD9D /* LaunchScreen.storyboard in Resources */ = {isa = PBXBuildFile; fileRef = 8B00E04C1F191EA9002DBD9D /* LaunchScreen.storyboard */; };
		8B00E0591F191EA9002DBD9D /* SquareSplitTests.swift in Sources */ = {isa = PBXBuildFile; fileRef = 8B00E0581F191EA9002DBD9D /* SquareSplitTests.swift */; };
		8B00E0641F191EA9002DBD9D /* SquareSplitUITests.swift in Sources */ = {isa = PBXBuildFile; fileRef = 8B00E0631F191EA9002DBD9D /* SquareSplitUITests.swift */; };
/* End PBXBuildFile section */

/* Begin PBXContainerItemProxy section */
		8B00E0551F191EA9002DBD9D /* PBXContainerItemProxy */ = {
			isa = PBXContainerItemProxy;
			containerPortal = 8B00E0381F191EA8002DBD9D /* Project object */;
			proxyType = 1;
			remoteGlobalIDString = 8B00E03F1F191EA8002DBD9D;
			remoteInfo = SquareSplit;
		};
		8B00E0601F191EA9002DBD9D /* PBXContainerItemProxy */ = {
			isa = PBXContainerItemProxy;
			containerPortal = 8B00E0381F191EA8002DBD9D /* Project object */;
			proxyType = 1;
			remoteGlobalIDString = 8B00E03F1F191EA8002DBD9D;
			remoteInfo = SquareSplit;
		};
/* End PBXContainerItemProxy section */

/* Begin PBXFileReference section */
		8B00E0401F191EA8002DBD9D /* SquareSplit.app */ = {isa = PBXFileReference; explicitFileType = wrapper.application; includeInIndex = 0; path = SquareSplit.app; sourceTree = BUILT_PRODUCTS_DIR; };
		8B00E0431F191EA8002DBD9D /* AppDelegate.swift */ = {isa = PBXFileReference; lastKnownFileType = sourcecode.swift; path = AppDelegate.swift; sourceTree = "<group>"; };
		8B00E0451F191EA8002DBD9D /* ViewController.swift */ = {isa = PBXFileReference; lastKnownFileType = sourcecode.swift; path = ViewController.swift; sourceTree = "<group>"; };
		8B00E0481F191EA8002DBD9D /* Base */ = {isa = PBXFileReference; lastKnownFileType = file.storyboard; name = Base; path = Base.lproj/Main.storyboard; sourceTree = "<group>"; };
		8B00E04A1F191EA9002DBD9D /* Assets.xcassets */ = {isa = PBXFileReference; lastKnownFileType = folder.assetcatalog; path = Assets.xcassets; sourceTree = "<group>"; };
		8B00E04D1F191EA9002DBD9D /* Base */ = {isa = PBXFileReference; lastKnownFileType = file.storyboard; name = Base; path = Base.lproj/LaunchScreen.storyboard; sourceTree = "<group>"; };
		8B00E04F1F191EA9002DBD9D /* Info.plist */ = {isa = PBXFileReference; lastKnownFileType = text.plist.xml; path = Info.plist; sourceTree = "<group>"; };
		8B00E0541F191EA9002DBD9D /* SquareSplitTests.xctest */ = {isa = PBXFileReference; explicitFileType = wrapper.cfbundle; includeInIndex = 0; path = SquareSplitTests.xctest; sourceTree = BUILT_PRODUCTS_DIR; };
		8B00E0581F191EA9002DBD9D /* SquareSplitTests.swift */ = {isa = PBXFileReference; lastKnownFileType = sourcecode.swift; path = SquareSplitTests.swift; sourceTree = "<group>"; };
		8B00E05A1F191EA9002DBD9D /* Info.plist */ = {isa = PBXFileReference; lastKnownFileType = text.plist.xml; path = Info.plist; sourceTree = "<group>"; };
		8B00E05F1F191EA9002DBD9D /* SquareSplitUITests.xctest */ = {isa = PBXFileReference; explicitFileType = wrapper.cfbundle; includeInIndex = 0; path = SquareSplitUITests.xctest; sourceTree = BUILT_PRODUCTS_DIR; };
		8B00E0631F191EA9002DBD9D /* SquareSplitUITests.swift */ = {isa = PBXFileReference; lastKnownFileType = sourcecode.swift; path = SquareSplitUITests.swift; sourceTree = "<group>"; };
		8B00E0651F191EA9002DBD9D /* Info.plist */ = {isa = PBXFileReference; lastKnownFileType = text.plist.xml; path = Info.plist; sourceTree = "<group>"; };
/* End PBXFileReference section */

/* Begin PBXFrameworksBuildPhase section */
		8B00E03D1F191EA8002DBD9D /* Frameworks */ = {
			isa = PBXFrameworksBuildPhase;
			buildActionMask = 2147483647;
			files = (
			);
			runOnlyForDeploymentPostprocessing = 0;
		};
		8B00E0511F191EA9002DBD9D /* Frameworks */ = {
			isa = PBXFrameworksBuildPhase;
			buildActionMask = 2147483647;
			files = (
			);
			runOnlyForDeploymentPostprocessing = 0;
		};
		8B00E05C1F191EA9002DBD9D /* Frameworks */ = {
			isa = PBXFrameworksBuildPhase;
			buildActionMask = 2147483647;
			files = (
			);
			runOnlyForDeploymentPostprocessing = 0;
		};
/* End PBXFrameworksBuildPhase section */

/* Begin PBXGroup section */
		8B00E0371F191EA8002DBD9D = {
			isa = PBXGroup;
			children = (
				8B00E0421F191EA8002DBD9D /* SquareSplit */,
				8B00E0571F191EA9002DBD9D /* SquareSplitTests */,
				8B00E0621F191EA9002DBD9D /* SquareSplitUITests */,
				8B00E0411F191EA8002DBD9D /* Products */,
			);
			sourceTree = "<group>";
		};
		8B00E0411F191EA8002DBD9D /* Products */ = {
			isa = PBXGroup;
			children = (
				8B00E0401F191EA8002DBD9D /* SquareSplit.app */,
				8B00E0541F191EA9002DBD9D /* SquareSplitTests.xctest */,
				8B00E05F1F191EA9002DBD9D /* SquareSplitUITests.xctest */,
			);
			name = Products;
			sourceTree = "<group>";
		};
		8B00E0421F191EA8002DBD9D /* SquareSplit */ = {
			isa = PBXGroup;
			children = (
				8B00E0431F191EA8002DBD9D /* AppDelegate.swift */,
				8B00E0451F191EA8002DBD9D /* ViewController.swift */,
				8B00E0471F191EA8002DBD9D /* Main.storyboard */,
				8B00E04A1F191EA9002DBD9D /* Assets.xcassets */,
				8B00E04C1F191EA9002DBD9D /* LaunchScreen.storyboard */,
				8B00E04F1F191EA9002DBD9D /* Info.plist */,
			);
			path = SquareSplit;
			sourceTree = "<group>";
		};
		8B00E0571F191EA9002DBD9D /* SquareSplitTests */ = {
			isa = PBXGroup;
			children = (
				8B00E0581F191EA9002DBD9D /* SquareSplitTests.swift */,
				8B00E05A1F191EA9002DBD9D /* Info.plist */,
			);
			path = SquareSplitTests;
			sourceTree = "<group>";
		};
		8B00E0621F191EA9002DBD9D /* SquareSplitUITests */ = {
			isa = PBXGroup;
			children = (
				8B00E0631F191EA9002DBD9D /* SquareSplitUITests.swift */,
				8B00E0651F191EA9002DBD9D /* Info.plist */,
			);
			path = SquareSplitUITests;
			sourceTree = "<group>";
		};
/* End PBXGroup section */

/* Begin PBXNativeTarget section */
		8B00E03F1F191EA8002DBD9D /* SquareSplit */ = {
			isa = PBXNativeTarget;
			buildConfigurationList = 8B00E0681F191EA9002DBD9D /* Build configuration list for PBXNativeTarget "SquareSplit" */;
			buildPhases = (
				8B00E03C1F191EA8002DBD9D /* Sources */,
				8B00E03D1F191EA8002DBD9D /* Frameworks */,
				8B00E03E1F191EA8002DBD9D /* Resources */,
			);
			buildRules = (
			);
			dependencies = (
			);
			name = SquareSplit;
			productName = SquareSplit;
			productReference = 8B00E0401F191EA8002DBD9D /* SquareSplit.app */;
			productType = "com.apple.product-type.application";
		};
		8B00E0531F191EA9002DBD9D /* SquareSplitTests */ = {
			isa = PBXNativeTarget;
			buildConfigurationList = 8B00E06B1F191EA9002DBD9D /* Build configuration list for PBXNativeTarget "SquareSplitTests" */;
			buildPhases = (
				8B00E0501F191EA9002DBD9D /* Sources */,
				8B00E0511F191EA9002DBD9D /* Frameworks */,
				8B00E0521F191EA9002DBD9D /* Resources */,
			);
			buildRules = (
			);
			dependencies = (
				8B00E0561F191EA9002DBD9D /* PBXTargetDependency */,
			);
			name = SquareSplitTests;
			productName = SquareSplitTests;
			productReference = 8B00E0541F191EA9002DBD9D /* SquareSplitTests.xctest */;
			productType = "com.apple.product-type.bundle.unit-test";
		};
		8B00E05E1F191EA9002DBD9D /* SquareSplitUITests */ = {
			isa = PBXNativeTarget;
			buildConfigurationList = 8B00E06E1F191EA9002DBD9D /* Build configuration list for PBXNativeTarget "SquareSplitUITests" */;
			buildPhases = (
				8B00E05B1F191EA9002DBD9D /* Sources */,
				8B00E05C1F191EA9002DBD9D /* Frameworks */,
				8B00E05D1F191EA9002DBD9D /* Resources */,
			);
			buildRules = (
			);
			dependencies = (
				8B00E0611F191EA9002DBD9D /* PBXTargetDependency */,
			);
			name = SquareSplitUITests;
			productName = SquareSplitUITests;
			productReference = 8B00E05F1F191EA9002DBD9D /* SquareSplitUITests.xctest */;
			productType = "com.apple.product-type.bundle.ui-testing";
		};
/* End PBXNativeTarget section */

/* Begin PBXProject section */
		8B00E0381F191EA8002DBD9D /* Project object */ = {
			isa = PBXProject;
			attributes = {
				LastSwiftUpdateCheck = 0820;
				LastUpgradeCheck = 0820;
				ORGANIZATIONNAME = "Hall Enterprises";
				TargetAttributes = {
					8B00E03F1F191EA8002DBD9D = {
						CreatedOnToolsVersion = 8.2.1;
						ProvisioningStyle = Automatic;
					};
					8B00E0531F191EA9002DBD9D = {
						CreatedOnToolsVersion = 8.2.1;
						ProvisioningStyle = Automatic;
						TestTargetID = 8B00E03F1F191EA8002DBD9D;
					};
					8B00E05E1F191EA9002DBD9D = {
						CreatedOnToolsVersion = 8.2.1;
						ProvisioningStyle = Automatic;
						TestTargetID = 8B00E03F1F191EA8002DBD9D;
					};
				};
			};
			buildConfigurationList = 8B00E03B1F191EA8002DBD9D /* Build configuration list for PBXProject "SquareSplit" */;
			compatibilityVersion = "Xcode 3.2";
			developmentRegion = English;
			hasScannedForEncodings = 0;
			knownRegions = (
				en,
				Base,
			);
			mainGroup = 8B00E0371F191EA8002DBD9D;
			productRefGroup = 8B00E0411F191EA8002DBD9D /* Products */;
			projectDirPath = "";
			projectRoot = "";
			targets = (
				8B00E03F1F191EA8002DBD9D /* SquareSplit */,
				8B00E0531F191EA9002DBD9D /* SquareSplitTests */,
				8B00E05E1F191EA9002DBD9D /* SquareSplitUITests */,
			);
		};
/* End PBXProject section */

/* Begin PBXResourcesBuildPhase section */
		8B00E03E1F191EA8002DBD9D /* Resources */ = {
			isa = PBXResourcesBuildPhase;
			buildActionMask = 2147483647;
			files = (
				8B00E04E1F191EA9002DBD9D /* LaunchScreen.storyboard in Resources */,
				8B00E04B1F191EA9002DBD9D /* Assets.xcassets in Resources */,
				8B00E0491F191EA8002DBD9D /* Main.storyboard in Resources */,
			);
			runOnlyForDeploymentPostprocessing = 0;
		};
		8B00E0521F191EA9002DBD9D /* Resources */ = {
			isa = PBXResourcesBuildPhase;
			buildActionMask = 2147483647;
			files = (
			);
			runOnlyForDeploymentPostprocessing = 0;
		};
		8B00E05D1F191EA9002DBD9D /* Resources */ = {
			isa = PBXResourcesBuildPhase;
			buildActionMask = 2147483647;
			files = (
			);
			runOnlyForDeploymentPostprocessing = 0;
		};
/* End PBXResourcesBuildPhase section */

/* Begin PBXSourcesBuildPhase section */
		8B00E03C1F191EA8002DBD9D /* Sources */ = {
			isa = PBXSourcesBuildPhase;
			buildActionMask = 2147483647;
			files = (
				8B00E0461F191EA8002DBD9D /* ViewController.swift in Sources */,
				8B00E0441F191EA8002DBD9D /* AppDelegate.swift in Sources */,
			);
			runOnlyForDeploymentPostprocessing = 0;
		};
		8B00E0501F191EA9002DBD9D /* Sources */ = {
			isa = PBXSourcesBuildPhase;
			buildActionMask = 2147483647;
			files = (
				8B00E0591F191EA9002DBD9D /* SquareSplitTests.swift in Sources */,
			);
			runOnlyForDeploymentPostprocessing = 0;
		};
		8B00E05B1F191EA9002DBD9D /* Sources */ = {
			isa = PBXSourcesBuildPhase;
			buildActionMask = 2147483647;
			files = (
				8B00E0641F191EA9002DBD9D /* SquareSplitUITests.swift in Sources */,
			);
			runOnlyForDeploymentPostprocessing = 0;
		};
/* End PBXSourcesBuildPhase section */

/* Begin PBXTargetDependency section */
		8B00E0561F191EA9002DBD9D /* PBXTargetDependency */ = {
			isa = PBXTargetDependency;
			target = 8B00E03F1F191EA8002DBD9D /* SquareSplit */;
			targetProxy = 8B00E0551F191EA9002DBD9D /* PBXContainerItemProxy */;
		};
		8B00E0611F191EA9002DBD9D /* PBXTargetDependency */ = {
			isa = PBXTargetDependency;
			target = 8B00E03F1F191EA8002DBD9D /* SquareSplit */;
			targetProxy = 8B00E0601F191EA9002DBD9D /* PBXContainerItemProxy */;
		};
/* End PBXTargetDependency section */

/* Begin PBXVariantGroup section */
		8B00E0471F191EA8002DBD9D /* Main.storyboard */ = {
			isa = PBXVariantGroup;
			children = (
				8B00E0481F191EA8002DBD9D /* Base */,
			);
			name = Main.storyboard;
			sourceTree = "<group>";
		};
		8B00E04C1F191EA9002DBD9D /* LaunchScreen.storyboard */ = {
			isa = PBXVariantGroup;
			children = (
				8B00E04D1F191EA9002DBD9D /* Base */,
			);
			name = LaunchScreen.storyboard;
			sourceTree = "<group>";
		};
/* End PBXVariantGroup section */

/* Begin XCBuildConfiguration section */
		8B00E0661F191EA9002DBD9D /* Debug */ = {
			isa = XCBuildConfiguration;
			buildSettings = {
				ALWAYS_SEARCH_USER_PATHS = NO;
				CLANG_ANALYZER_NONNULL = YES;
				CLANG_CXX_LANGUAGE_STANDARD = "gnu++0x";
				CLANG_CXX_LIBRARY = "libc++";
				CLANG_ENABLE_MODULES = YES;
				CLANG_ENABLE_OBJC_ARC = YES;
				CLANG_WARN_BOOL_CONVERSION = YES;
				CLANG_WARN_CONSTANT_CONVERSION = YES;
				CLANG_WARN_DIRECT_OBJC_ISA_USAGE = YES_ERROR;
				CLANG_WARN_DOCUMENTATION_COMMENTS = YES;
				CLANG_WARN_EMPTY_BODY = YES;
				CLANG_WARN_ENUM_CONVERSION = YES;
				CLANG_WARN_INFINITE_RECURSION = YES;
				CLANG_WARN_INT_CONVERSION = YES;
				CLANG_WARN_OBJC_ROOT_CLASS = YES_ERROR;
				CLANG_WARN_SUSPICIOUS_MOVE = YES;
				CLANG_WARN_UNREACHABLE_CODE = YES;
				CLANG_WARN__DUPLICATE_METHOD_MATCH = YES;
				"CODE_SIGN_IDENTITY[sdk=iphoneos*]" = "iPhone Developer";
				COPY_PHASE_STRIP = NO;
				DEBUG_INFORMATION_FORMAT = dwarf;
				ENABLE_STRICT_OBJC_MSGSEND = YES;
				ENABLE_TESTABILITY = YES;
				GCC_C_LANGUAGE_STANDARD = gnu99;
				GCC_DYNAMIC_NO_PIC = NO;
				GCC_NO_COMMON_BLOCKS = YES;
				GCC_OPTIMIZATION_LEVEL = 0;
				GCC_PREPROCESSOR_DEFINITIONS = (
					"DEBUG=1",
					"$(inherited)",
				);
				GCC_WARN_64_TO_32_BIT_CONVERSION = YES;
				GCC_WARN_ABOUT_RETURN_TYPE = YES_ERROR;
				GCC_WARN_UNDECLARED_SELECTOR = YES;
				GCC_WARN_UNINITIALIZED_AUTOS = YES_AGGRESSIVE;
				GCC_WARN_UNUSED_FUNCTION = YES;
				GCC_WARN_UNUSED_VARIABLE = YES;
				IPHONEOS_DEPLOYMENT_TARGET = 10.2;
				MTL_ENABLE_DEBUG_INFO = YES;
				ONLY_ACTIVE_ARCH = YES;
				SDKROOT = iphoneos;
				SWIFT_ACTIVE_COMPILATION_CONDITIONS = DEBUG;
				SWIFT_OPTIMIZATION_LEVEL = "-Onone";
			};
			name = Debug;
		};
		8B00E0671F191EA9002DBD9D /* Release */ = {
			isa = XCBuildConfiguration;
			buildSettings = {
				ALWAYS_SEARCH_USER_PATHS = NO;
				CLANG_ANALYZER_NONNULL = YES;
				CLANG_CXX_LANGUAGE_STANDARD = "gnu++0x";
				CLANG_CXX_LIBRARY = "libc++";
				CLANG_ENABLE_MODULES = YES;
				CLANG_ENABLE_OBJC_ARC = YES;
				CLANG_WARN_BOOL_CONVERSION = YES;
				CLANG_WARN_CONSTANT_CONVERSION = YES;
				CLANG_WARN_DIRECT_OBJC_ISA_USAGE = YES_ERROR;
				CLANG_WARN_DOCUMENTATION_COMMENTS = YES;
				CLANG_WARN_EMPTY_BODY = YES;
				CLANG_WARN_ENUM_CONVERSION = YES;
				CLANG_WARN_INFINITE_RECURSION = YES;
				CLANG_WARN_INT_CONVERSION = YES;
				CLANG_WARN_OBJC_ROOT_CLASS = YES_ERROR;
				CLANG_WARN_SUSPICIOUS_MOVE = YES;
				CLANG_WARN_UNREACHABLE_CODE = YES;
				CLANG_WARN__DUPLICATE_METHOD_MATCH = YES;
				"CODE_SIGN_IDENTITY[sdk=iphoneos*]" = "iPhone Developer";
				COPY_PHASE_STRIP = NO;
				DEBUG_INFORMATION_FORMAT = "dwarf-with-dsym";
				ENABLE_NS_ASSERTIONS = NO;
				ENABLE_STRICT_OBJC_MSGSEND = YES;
				GCC_C_LANGUAGE_STANDARD = gnu99;
				GCC_NO_COMMON_BLOCKS = YES;
				GCC_WARN_64_TO_32_BIT_CONVERSION = YES;
				GCC_WARN_ABOUT_RETURN_TYPE = YES_ERROR;
				GCC_WARN_UNDECLARED_SELECTOR = YES;
				GCC_WARN_UNINITIALIZED_AUTOS = YES_AGGRESSIVE;
				GCC_WARN_UNUSED_FUNCTION = YES;
				GCC_WARN_UNUSED_VARIABLE = YES;
				IPHONEOS_DEPLOYMENT_TARGET = 10.2;
				MTL_ENABLE_DEBUG_INFO = NO;
				SDKROOT = iphoneos;
				SWIFT_OPTIMIZATION_LEVEL = "-Owholemodule";
				VALIDATE_PRODUCT = YES;
			};
			name = Release;
		};
		8B00E0691F191EA9002DBD9D /* Debug */ = {
			isa = XCBuildConfiguration;
			buildSettings = {
				ASSETCATALOG_COMPILER_APPICON_NAME = AppIcon;
				INFOPLIST_FILE = SquareSplit/Info.plist;
				LD_RUNPATH_SEARCH_PATHS = "$(inherited) @executable_path/Frameworks";
				PRODUCT_BUNDLE_IDENTIFIER = version2.SquareSplit;
				PRODUCT_NAME = "$(TARGET_NAME)";
				SWIFT_VERSION = 3.0;
			};
			name = Debug;
		};
		8B00E06A1F191EA9002DBD9D /* Release */ = {
			isa = XCBuildConfiguration;
			buildSettings = {
				ASSETCATALOG_COMPILER_APPICON_NAME = AppIcon;
				INFOPLIST_FILE = SquareSplit/Info.plist;
				LD_RUNPATH_SEARCH_PATHS = "$(inherited) @executable_path/Frameworks";
				PRODUCT_BUNDLE_IDENTIFIER = version2.SquareSplit;
				PRODUCT_NAME = "$(TARGET_NAME)";
				SWIFT_VERSION = 3.0;
			};
			name = Release;
		};
		8B00E06C1F191EA9002DBD9D /* Debug */ = {
			isa = XCBuildConfiguration;
			buildSettings = {
				ALWAYS_EMBED_SWIFT_STANDARD_LIBRARIES = YES;
				BUNDLE_LOADER = "$(TEST_HOST)";
				INFOPLIST_FILE = SquareSplitTests/Info.plist;
				LD_RUNPATH_SEARCH_PATHS = "$(inherited) @executable_path/Frameworks @loader_path/Frameworks";
				PRODUCT_BUNDLE_IDENTIFIER = version2.SquareSplitTests;
				PRODUCT_NAME = "$(TARGET_NAME)";
				SWIFT_VERSION = 3.0;
				TEST_HOST = "$(BUILT_PRODUCTS_DIR)/SquareSplit.app/SquareSplit";
			};
			name = Debug;
		};
		8B00E06D1F191EA9002DBD9D /* Release */ = {
			isa = XCBuildConfiguration;
			buildSettings = {
				ALWAYS_EMBED_SWIFT_STANDARD_LIBRARIES = YES;
				BUNDLE_LOADER = "$(TEST_HOST)";
				INFOPLIST_FILE = SquareSplitTests/Info.plist;
				LD_RUNPATH_SEARCH_PATHS = "$(inherited) @executable_path/Frameworks @loader_path/Frameworks";
				PRODUCT_BUNDLE_IDENTIFIER = version2.SquareSplitTests;
				PRODUCT_NAME = "$(TARGET_NAME)";
				SWIFT_VERSION = 3.0;
				TEST_HOST = "$(BUILT_PRODUCTS_DIR)/SquareSplit.app/SquareSplit";
			};
			name = Release;
		};
		8B00E06F1F191EA9002DBD9D /* Debug */ = {
			isa = XCBuildConfiguration;
			buildSettings = {
				ALWAYS_EMBED_SWIFT_STANDARD_LIBRARIES = YES;
				INFOPLIST_FILE = SquareSplitUITests/Info.plist;
				LD_RUNPATH_SEARCH_PATHS = "$(inherited) @executable_path/Frameworks @loader_path/Frameworks";
				PRODUCT_BUNDLE_IDENTIFIER = version2.SquareSplitUITests;
				PRODUCT_NAME = "$(TARGET_NAME)";
				SWIFT_VERSION = 3.0;
				TEST_TARGET_NAME = SquareSplit;
			};
			name = Debug;
		};
		8B00E0701F191EA9002DBD9D /* Release */ = {
			isa = XCBuildConfiguration;
			buildSettings = {
				ALWAYS_EMBED_SWIFT_STANDARD_LIBRARIES = YES;
				INFOPLIST_FILE = SquareSplitUITests/Info.plist;
				LD_RUNPATH_SEARCH_PATHS = "$(inherited) @executable_path/Frameworks @loader_path/Frameworks";
				PRODUCT_BUNDLE_IDENTIFIER = version2.SquareSplitUITests;
				PRODUCT_NAME = "$(TARGET_NAME)";
				SWIFT_VERSION = 3.0;
				TEST_TARGET_NAME = SquareSplit;
			};
			name = Release;
		};
/* End XCBuildConfiguration section */

/* Begin XCConfigurationList section */
		8B00E03B1F191EA8002DBD9D /* Build configuration list for PBXProject "SquareSplit" */ = {
			isa = XCConfigurationList;
			buildConfigurations = (
				8B00E0661F191EA9002DBD9D /* Debug */,
				8B00E0671F191EA9002DBD9D /* Release */,
			);
			defaultConfigurationIsVisible = 0;
			defaultConfigurationName = Release;
		};
		8B00E0681F191EA9002DBD9D /* Build configuration list for PBXNativeTarget "SquareSplit" */ = {
			isa = XCConfigurationList;
			buildConfigurations = (
				8B00E0691F191EA9002DBD9D /* Debug */,
				8B00E06A1F191EA9002DBD9D /* Release */,
			);
			defaultConfigurationIsVisible = 0;
		};
		8B00E06B1F191EA9002DBD9D /* Build configuration list for PBXNativeTarget "SquareSplitTests" */ = {
			isa = XCConfigurationList;
			buildConfigurations = (
				8B00E06C1F191EA9002DBD9D /* Debug */,
				8B00E06D1F191EA9002DBD9D /* Release */,
			);
			defaultConfigurationIsVisible = 0;
		};
		8B00E06E1F191EA9002DBD9D /* Build configuration list for PBXNativeTarget "SquareSplitUITests" */ = {
			isa = XCConfigurationList;
			buildConfigurations = (
				8B00E06F1F191EA9002DBD9D /* Debug */,
				8B00E0701F191EA9002DBD9D /* Release */,
			);
			defaultConfigurationIsVisible = 0;
		};
/* End XCConfigurationList section */
	};
	rootObject = 8B00E0381F191EA8002DBD9D /* Project object */;
}
